PODS:
  - AssentifySdk (1.0.0-Beta.7):
    - Bugsnag
    - BugsnagPerformance
    - MLKitFaceDetection
    - NFCPassportReader
    - SVGKit
    - TensorFlowLiteSwift (= 2.7.0)
  - Bugsnag (6.35.0)
  - BugsnagPerformance (2.0.0)
  - CocoaLumberjack (3.9.0):
    - CocoaLumberjack/Core (= 3.9.0)
  - CocoaLumberjack/Core (3.9.0)
  - FBSnapshotTestCase (2.1.4):
    - FBSnapshotTestCase/SwiftSupport (= 2.1.4)
  - FBSnapshotTestCase/Core (2.1.4)
  - FBSnapshotTestCase/SwiftSupport (2.1.4):
    - FBSnapshotTestCase/Core
  - GoogleDataTransport (10.1.0):
    - nanopb (~> 3.30910.0)
    - PromisesObjC (~> 2.4)
  - GoogleToolboxForMac/Defines (4.2.1)
  - GoogleToolboxForMac/Logger (4.2.1):
    - GoogleToolboxForMac/Defines (= 4.2.1)
  - "GoogleToolboxForMac/NSData+zlib (4.2.1)":
    - GoogleToolboxForMac/Defines (= 4.2.1)
  - GoogleUtilities/Environment (8.1.0):
    - GoogleUtilities/Privacy
  - GoogleUtilities/Logger (8.1.0):
    - GoogleUtilities/Environment
    - GoogleUtilities/Privacy
  - GoogleUtilities/Privacy (8.1.0)
  - GoogleUtilities/UserDefaults (8.1.0):
    - GoogleUtilities/Logger
    - GoogleUtilities/Privacy
  - GTMSessionFetcher/Core (3.5.0)
  - MLImage (1.0.0-beta8)
  - MLKitCommon (14.0.0):
    - GoogleDataTransport (~> 10.0)
    - GoogleToolboxForMac/Logger (< 5.0, >= 4.2.1)
    - "GoogleToolboxForMac/NSData+zlib (< 5.0, >= 4.2.1)"
    - GoogleUtilities/Logger (~> 8.0)
    - GoogleUtilities/UserDefaults (~> 8.0)
    - GTMSessionFetcher/Core (< 4.0, >= 3.3.2)
  - MLKitFaceDetection (8.0.0):
    - MLKitCommon (~> 14.0)
    - MLKitVision (~> 10.0)
  - MLKitVision (10.0.0):
    - GoogleToolboxForMac/Logger (< 5.0, >= 4.2.1)
    - "GoogleToolboxForMac/NSData+zlib (< 5.0, >= 4.2.1)"
    - GTMSessionFetcher/Core (< 4.0, >= 3.3.2)
    - MLImage (= 1.0.0-beta8)
    - MLKitCommon (~> 14.0)
  - nanopb (3.30910.0):
    - nanopb/decode (= 3.30910.0)
    - nanopb/encode (= 3.30910.0)
  - nanopb/decode (3.30910.0)
  - nanopb/encode (3.30910.0)
  - NFCPassportReader (2.3.0):
    - OpenSSL-Universal (= 3.3.3001)
  - OpenSSL-Universal (3.3.3001)
  - PromisesObjC (2.4.0)
  - SVGKit (3.0.0):
    - CocoaLumberjack (~> 3.0)
  - TensorFlowLiteC (2.7.0):
    - TensorFlowLiteC/Core (= 2.7.0)
  - TensorFlowLiteC/Core (2.7.0)
  - TensorFlowLiteSwift (2.7.0):
    - TensorFlowLiteSwift/Core (= 2.7.0)
  - TensorFlowLiteSwift/Core (2.7.0):
    - TensorFlowLiteC (= 2.7.0)

DEPENDENCIES:
  - AssentifySdk (from `../`)
  - FBSnapshotTestCase

SPEC REPOS:
  trunk:
    - Bugsnag
    - BugsnagPerformance
    - CocoaLumberjack
    - FBSnapshotTestCase
    - GoogleDataTransport
    - GoogleToolboxForMac
    - GoogleUtilities
    - GTMSessionFetcher
    - MLImage
    - MLKitCommon
    - MLKitFaceDetection
    - MLKitVision
    - nanopb
    - NFCPassportReader
    - OpenSSL-Universal
    - PromisesObjC
    - SVGKit
    - TensorFlowLiteC
    - TensorFlowLiteSwift

EXTERNAL SOURCES:
  AssentifySdk:
    :path: "../"

SPEC CHECKSUMS:
  AssentifySdk: 8aff368eba3eeabd3b90af724789f7b7f4dc5099
  Bugsnag: 8dae9f9a66d5c1bfe6e1afa18e32f116a1c44dbe
  BugsnagPerformance: 577f0f539073346d1a4074bfde6d6cd7d462570f
  CocoaLumberjack: 5644158777912b7de7469fa881f8a3f259c2512a
  FBSnapshotTestCase: 094f9f314decbabe373b87cc339bea235a63e07a
  GoogleDataTransport: aae35b7ea0c09004c3797d53c8c41f66f219d6a7
  GoogleToolboxForMac: d1a2cbf009c453f4d6ded37c105e2f67a32206d8
  GoogleUtilities: 00c88b9a86066ef77f0da2fab05f65d7768ed8e1
  GTMSessionFetcher: 5aea5ba6bd522a239e236100971f10cb71b96ab6
  MLImage: 0de5c6c2bf9e93b80ef752e2797f0836f03b58c0
  MLKitCommon: 47d47b50a031d00db62f1b0efe5a1d8b09a3b2e6
  MLKitFaceDetection: 32549f1e70e6e7731261bf9cea2b74095e2531cb
  MLKitVision: 39a5a812db83c4a0794445088e567f3631c11961
  nanopb: fad817b59e0457d11a5dfbde799381cd727c1275
  NFCPassportReader: 16f98e181157d694bd02b0daef0c31e6b1ad767a
  OpenSSL-Universal: 6082b0bf950e5636fe0d78def171184e2b3899c2
  PromisesObjC: f5707f49cb48b9636751c5b2e7d227e43fba9f47
  SVGKit: 1ad7513f8c74d9652f94ed64ddecda1a23864dea
  TensorFlowLiteC: 50d75ed3640c15dcfbaf88ca4326297b445e00a1
  TensorFlowLiteSwift: fe99748dc3d58ae08bd2ff38658e3ade7038670f

PODFILE CHECKSUM: 599242fe32d6878b62188f56b984ca0aa6ce2686

COCOAPODS: 1.15.2
